
Microsoft Visual Studio Solution File, Format Version 12.00
# Visual Studio Version 17
VisualStudioVersion = 17.12.35707.178
MinimumVisualStudioVersion = 10.0.40219.1
Project("{2150E333-8FDC-42A3-9474-1A3956D46DE8}") = "Domain-Layer", "Domain-Layer", "{5538A808-E27B-4BFA-A44D-94CCF204B4A4}"
EndProject
Project("{2150E333-8FDC-42A3-9474-1A3956D46DE8}") = "Infrastructers-Layer", "Infrastructers-Layer", "{9BA8FBB6-2910-49F1-9F6B-764DACE990AE}"
EndProject
Project("{2150E333-8FDC-42A3-9474-1A3956D46DE8}") = "APIs-Layer", "APIs-Layer", "{D6146194-E044-4AD0-B62C-6DC960FB8649}"
EndProject
Project("{2150E333-8FDC-42A3-9474-1A3956D46DE8}") = "Application-Layer", "Application-Layer", "{D266E074-49AA-4EDD-94F4-E9EEB26126CD}"
EndProject
Project("{2150E333-8FDC-42A3-9474-1A3956D46DE8}") = "Presentation-Layer", "Presentation-Layer", "{AE528C0A-1A50-4AD9-B81F-748682136D05}"
EndProject
Project("{FAE04EC0-301F-11D3-BF4B-00C04F79EFBC}") = "PM.Domain", "Domain Layer\PM.Domain\PM.Domain.csproj", "{1A06836C-7586-4DA9-BB03-594A5F940903}"
EndProject
Project("{FAE04EC0-301F-11D3-BF4B-00C04F79EFBC}") = "PM.Infrastructers", "Infrastructers Layer\PM.Infrastructers\PM.Infrastructers.csproj", "{E73BA489-D825-4E7F-B562-8706BAB205B9}"
EndProject
Project("{FAE04EC0-301F-11D3-BF4B-00C04F79EFBC}") = "PM.Persistence", "Infrastructers Layer\PM.Persistence\PM.Persistence.csproj", "{7B760225-021E-40DE-8AFF-6D3B3A427D1C}"
EndProject
Project("{FAE04EC0-301F-11D3-BF4B-00C04F79EFBC}") = "RootAPIs", "APIs Layer\RootAPIs\RootAPIs.csproj", "{940F45E8-DD92-4481-9C43-C28243E23A2C}"
EndProject
Project("{FAE04EC0-301F-11D3-BF4B-00C04F79EFBC}") = "PM.Application", "Application Layer\PM.Application\PM.Application.csproj", "{C681C129-9ABE-4290-95D6-A13C99EF5B74}"
EndProject
Project("{FAE04EC0-301F-11D3-BF4B-00C04F79EFBC}") = "AuthAPIs", "APIs Layer\AuthAPIs\AuthAPIs.csproj", "{44F76C75-3829-4F22-B3F0-FCFCCCA461ED}"
EndProject
Project("{FAE04EC0-301F-11D3-BF4B-00C04F79EFBC}") = "ManagerAPIs", "APIs Layer\ManagerAPIs\ManagerAPIs.csproj", "{9C956EB8-FFB8-4116-8C77-7A44D4AC0462}"
EndProject
Project("{FAE04EC0-301F-11D3-BF4B-00C04F79EFBC}") = "PM.Ocelots", "APIs Layer\PM.Ocelots\PM.Ocelots.csproj", "{DDCC161B-EB35-4676-B0F2-FBEDF6883874}"
EndProject
Project("{FAE04EC0-301F-11D3-BF4B-00C04F79EFBC}") = "PM", "Presentation Layer\PM\PM.csproj", "{EB1E057F-D940-46E2-824D-C8F3BFEA7CAB}"
EndProject
Global
	GlobalSection(SolutionConfigurationPlatforms) = preSolution
		Debug|Any CPU = Debug|Any CPU
		Release|Any CPU = Release|Any CPU
	EndGlobalSection
	GlobalSection(ProjectConfigurationPlatforms) = postSolution
		{1A06836C-7586-4DA9-BB03-594A5F940903}.Debug|Any CPU.ActiveCfg = Debug|Any CPU
		{1A06836C-7586-4DA9-BB03-594A5F940903}.Debug|Any CPU.Build.0 = Debug|Any CPU
		{1A06836C-7586-4DA9-BB03-594A5F940903}.Release|Any CPU.ActiveCfg = Release|Any CPU
		{1A06836C-7586-4DA9-BB03-594A5F940903}.Release|Any CPU.Build.0 = Release|Any CPU
		{E73BA489-D825-4E7F-B562-8706BAB205B9}.Debug|Any CPU.ActiveCfg = Debug|Any CPU
		{E73BA489-D825-4E7F-B562-8706BAB205B9}.Debug|Any CPU.Build.0 = Debug|Any CPU
		{E73BA489-D825-4E7F-B562-8706BAB205B9}.Release|Any CPU.ActiveCfg = Release|Any CPU
		{E73BA489-D825-4E7F-B562-8706BAB205B9}.Release|Any CPU.Build.0 = Release|Any CPU
		{7B760225-021E-40DE-8AFF-6D3B3A427D1C}.Debug|Any CPU.ActiveCfg = Debug|Any CPU
		{7B760225-021E-40DE-8AFF-6D3B3A427D1C}.Debug|Any CPU.Build.0 = Debug|Any CPU
		{7B760225-021E-40DE-8AFF-6D3B3A427D1C}.Release|Any CPU.ActiveCfg = Release|Any CPU
		{7B760225-021E-40DE-8AFF-6D3B3A427D1C}.Release|Any CPU.Build.0 = Release|Any CPU
		{940F45E8-DD92-4481-9C43-C28243E23A2C}.Debug|Any CPU.ActiveCfg = Debug|Any CPU
		{940F45E8-DD92-4481-9C43-C28243E23A2C}.Debug|Any CPU.Build.0 = Debug|Any CPU
		{940F45E8-DD92-4481-9C43-C28243E23A2C}.Release|Any CPU.ActiveCfg = Release|Any CPU
		{940F45E8-DD92-4481-9C43-C28243E23A2C}.Release|Any CPU.Build.0 = Release|Any CPU
		{C681C129-9ABE-4290-95D6-A13C99EF5B74}.Debug|Any CPU.ActiveCfg = Debug|Any CPU
		{C681C129-9ABE-4290-95D6-A13C99EF5B74}.Debug|Any CPU.Build.0 = Debug|Any CPU
		{C681C129-9ABE-4290-95D6-A13C99EF5B74}.Release|Any CPU.ActiveCfg = Release|Any CPU
		{C681C129-9ABE-4290-95D6-A13C99EF5B74}.Release|Any CPU.Build.0 = Release|Any CPU
		{44F76C75-3829-4F22-B3F0-FCFCCCA461ED}.Debug|Any CPU.ActiveCfg = Debug|Any CPU
		{44F76C75-3829-4F22-B3F0-FCFCCCA461ED}.Debug|Any CPU.Build.0 = Debug|Any CPU
		{44F76C75-3829-4F22-B3F0-FCFCCCA461ED}.Release|Any CPU.ActiveCfg = Release|Any CPU
		{44F76C75-3829-4F22-B3F0-FCFCCCA461ED}.Release|Any CPU.Build.0 = Release|Any CPU
		{9C956EB8-FFB8-4116-8C77-7A44D4AC0462}.Debug|Any CPU.ActiveCfg = Debug|Any CPU
		{9C956EB8-FFB8-4116-8C77-7A44D4AC0462}.Debug|Any CPU.Build.0 = Debug|Any CPU
		{9C956EB8-FFB8-4116-8C77-7A44D4AC0462}.Release|Any CPU.ActiveCfg = Release|Any CPU
		{9C956EB8-FFB8-4116-8C77-7A44D4AC0462}.Release|Any CPU.Build.0 = Release|Any CPU
		{DDCC161B-EB35-4676-B0F2-FBEDF6883874}.Debug|Any CPU.ActiveCfg = Debug|Any CPU
		{DDCC161B-EB35-4676-B0F2-FBEDF6883874}.Debug|Any CPU.Build.0 = Debug|Any CPU
		{DDCC161B-EB35-4676-B0F2-FBEDF6883874}.Release|Any CPU.ActiveCfg = Release|Any CPU
		{DDCC161B-EB35-4676-B0F2-FBEDF6883874}.Release|Any CPU.Build.0 = Release|Any CPU
		{EB1E057F-D940-46E2-824D-C8F3BFEA7CAB}.Debug|Any CPU.ActiveCfg = Debug|Any CPU
		{EB1E057F-D940-46E2-824D-C8F3BFEA7CAB}.Debug|Any CPU.Build.0 = Debug|Any CPU
		{EB1E057F-D940-46E2-824D-C8F3BFEA7CAB}.Release|Any CPU.ActiveCfg = Release|Any CPU
		{EB1E057F-D940-46E2-824D-C8F3BFEA7CAB}.Release|Any CPU.Build.0 = Release|Any CPU
	EndGlobalSection
	GlobalSection(SolutionProperties) = preSolution
		HideSolutionNode = FALSE
	EndGlobalSection
	GlobalSection(NestedProjects) = preSolution
		{1A06836C-7586-4DA9-BB03-594A5F940903} = {5538A808-E27B-4BFA-A44D-94CCF204B4A4}
		{E73BA489-D825-4E7F-B562-8706BAB205B9} = {9BA8FBB6-2910-49F1-9F6B-764DACE990AE}
		{7B760225-021E-40DE-8AFF-6D3B3A427D1C} = {9BA8FBB6-2910-49F1-9F6B-764DACE990AE}
		{940F45E8-DD92-4481-9C43-C28243E23A2C} = {D6146194-E044-4AD0-B62C-6DC960FB8649}
		{C681C129-9ABE-4290-95D6-A13C99EF5B74} = {D266E074-49AA-4EDD-94F4-E9EEB26126CD}
		{44F76C75-3829-4F22-B3F0-FCFCCCA461ED} = {D6146194-E044-4AD0-B62C-6DC960FB8649}
		{9C956EB8-FFB8-4116-8C77-7A44D4AC0462} = {D6146194-E044-4AD0-B62C-6DC960FB8649}
		{DDCC161B-EB35-4676-B0F2-FBEDF6883874} = {D6146194-E044-4AD0-B62C-6DC960FB8649}
		{EB1E057F-D940-46E2-824D-C8F3BFEA7CAB} = {AE528C0A-1A50-4AD9-B81F-748682136D05}
	EndGlobalSection
	GlobalSection(ExtensibilityGlobals) = postSolution
		SolutionGuid = {C895F6A9-DBC0-4EDF-A441-7CB6B92CB0BD}
	EndGlobalSection
EndGlobal
