
Microsoft Visual Studio Solution File, Format Version 12.00
# Visual Studio Version 17
VisualStudioVersion = 17.12.35707.178
MinimumVisualStudioVersion = 10.0.40219.1
Project("{2150E333-8FDC-42A3-9474-1A3956D46DE8}") = "Services", "Services", "{02EA681E-C7D8-13C7-8484-4AC65E1B71E8}"
EndProject
Project("{2150E333-8FDC-42A3-9474-1A3956D46DE8}") = "Deployment", "Deployment", "{87D06347-9DF0-4BF0-9B45-35FB30E2DFA2}"
EndProject
Project("{2150E333-8FDC-42A3-9474-1A3956D46DE8}") = "Shared", "Shared", "{11AF4597-1BE5-4ADE-9BC7-F97CDE6AD7CB}"
EndProject
Project("{FAE04EC0-301F-11D3-BF4B-00C04F79EFBC}") = "PM.UserService", "Services\PM.UserService\PM.UserService.csproj", "{2D327642-A4D7-4DF2-91FD-30D730F8D523}"
EndProject
Global
	GlobalSection(SolutionConfigurationPlatforms) = preSolution
		Debug|Any CPU = Debug|Any CPU
		Release|Any CPU = Release|Any CPU
	EndGlobalSection
	GlobalSection(ProjectConfigurationPlatforms) = postSolution
		{2D327642-A4D7-4DF2-91FD-30D730F8D523}.Debug|Any CPU.ActiveCfg = Debug|Any CPU
		{2D327642-A4D7-4DF2-91FD-30D730F8D523}.Debug|Any CPU.Build.0 = Debug|Any CPU
		{2D327642-A4D7-4DF2-91FD-30D730F8D523}.Release|Any CPU.ActiveCfg = Release|Any CPU
		{2D327642-A4D7-4DF2-91FD-30D730F8D523}.Release|Any CPU.Build.0 = Release|Any CPU
	EndGlobalSection
	GlobalSection(SolutionProperties) = preSolution
		HideSolutionNode = FALSE
	EndGlobalSection
	GlobalSection(NestedProjects) = preSolution
		{2D327642-A4D7-4DF2-91FD-30D730F8D523} = {02EA681E-C7D8-13C7-8484-4AC65E1B71E8}
	EndGlobalSection
	GlobalSection(ExtensibilityGlobals) = postSolution
		SolutionGuid = {C895F6A9-DBC0-4EDF-A441-7CB6B92CB0BD}
	EndGlobalSection
EndGlobal
