
Microsoft Visual Studio Solution File, Format Version 12.00
# Visual Studio Version 17
VisualStudioVersion = 17.12.35707.178
MinimumVisualStudioVersion = 10.0.40219.1
Project("{2150E333-8FDC-42A3-9474-1A3956D46DE8}") = "Gateway", "Gateway", "{598F8D28-4050-41D2-853F-D7AF006C4205}"
EndProject
Project("{2150E333-8FDC-42A3-9474-1A3956D46DE8}") = "Services", "Services", "{66E4A620-506D-47BC-A1B8-2CFD45B4A275}"
EndProject
Project("{2150E333-8FDC-42A3-9474-1A3956D46DE8}") = "Web", "Web", "{92D2C86C-FE1E-44D6-81B7-F7BC3BD15C9B}"
EndProject
Project("{2150E333-8FDC-42A3-9474-1A3956D46DE8}") = "identity-service", "identity-service", "{54830A64-37C1-47FA-82A4-3BF8FA9BE4FF}"
EndProject
Project("{2150E333-8FDC-42A3-9474-1A3956D46DE8}") = "tracking-service", "tracking-service", "{8840082C-E0FE-433D-B7EE-594E5778313E}"
EndProject
Project("{FAE04EC0-301F-11D3-BF4B-00C04F79EFBC}") = "PM.Identity.API", "Services\identity-service\PM.Identity.API\PM.Identity.API.csproj", "{5BD02459-8B36-958F-304E-EB2A8C40A687}"
EndProject
Project("{FAE04EC0-301F-11D3-BF4B-00C04F79EFBC}") = "PM.Web.API", "Web\PM.Web.API\PM.Web.API.csproj", "{606508BE-5DD5-FE0C-E2BD-AEA8A3FB1742}"
EndProject
Project("{FAE04EC0-301F-11D3-BF4B-00C04F79EFBC}") = "PM.Identity.Entities", "Services\identity-service\PM.Identity.Entities\PM.Identity.Entities.csproj", "{72D40A0B-DEBE-42C1-BC29-59557727C936}"
EndProject
Project("{FAE04EC0-301F-11D3-BF4B-00C04F79EFBC}") = "PM.Identity.Infrastructure", "Services\identity-service\PM.Identity.Infrastructure\PM.Identity.Infrastructure.csproj", "{56097B98-DB7C-4868-9623-586BC5C76F0A}"
EndProject
Project("{FAE04EC0-301F-11D3-BF4B-00C04F79EFBC}") = "PM.Identity.Application", "Services\identity-service\PM.Identity.Application\PM.Identity.Application.csproj", "{27BE0711-B0FD-42A5-A9D6-EFD87B0445C9}"
EndProject
Project("{FAE04EC0-301F-11D3-BF4B-00C04F79EFBC}") = "PM.Gateway", "Gateway\PM.Gateway\PM.Gateway.csproj", "{F87AEE8F-0DE9-89CC-3534-24945F7A1364}"
EndProject
Project("{2150E333-8FDC-42A3-9474-1A3956D46DE8}") = "Hosting", "Hosting", "{4CEA3507-17B4-4C7F-904F-CE2355AB0538}"
EndProject
Project("{FAE04EC0-301F-11D3-BF4B-00C04F79EFBC}") = "PM.Hosting", "Hosting\PM.Hosting\PM.Hosting.csproj", "{B41A5D83-D2A4-4727-BDE1-9FDD4FC579F6}"
EndProject
Project("{FAE04EC0-301F-11D3-BF4B-00C04F79EFBC}") = "PM.Tracking.Entities", "Services\tracking-service\PM.Tracking.Entities\PM.Tracking.Entities.csproj", "{B34FA34E-0513-4490-9339-062E9383BA33}"
EndProject
Project("{FAE04EC0-301F-11D3-BF4B-00C04F79EFBC}") = "PM.Tracking.Infrastructure", "Services\tracking-service\PM.Tracking.Infrastructure\PM.Tracking.Infrastructure.csproj", "{6F17F88E-1726-4B6A-9CC6-470CE1E6EF50}"
EndProject
Project("{FAE04EC0-301F-11D3-BF4B-00C04F79EFBC}") = "PM.Tracking.Application", "Services\tracking-service\PM.Tracking.Application\PM.Tracking.Application.csproj", "{9E7324E8-8334-4FCC-868E-CB37896EE5F1}"
EndProject
Project("{FAE04EC0-301F-11D3-BF4B-00C04F79EFBC}") = "PM.Tracking.API", "Services\tracking-service\PM.Tracking.API\PM.Tracking.API.csproj", "{D6619016-E6B8-AB66-3043-C929C8F67E42}"
EndProject
Project("{2150E333-8FDC-42A3-9474-1A3956D46DE8}") = "core-service", "core-service", "{6C88CE13-F299-478A-ADED-5E60522C9D3A}"
EndProject
Project("{FAE04EC0-301F-11D3-BF4B-00C04F79EFBC}") = "PM.Core.API", "Services\core-service\PM.Core.API\PM.Core.API.csproj", "{9500E8D9-3FCB-B634-C891-85125DFB714A}"
EndProject
Project("{FAE04EC0-301F-11D3-BF4B-00C04F79EFBC}") = "PM.Core.Application", "Services\core-service\PM.Core.Application\PM.Core.Application.csproj", "{16BE5565-2412-4D85-B9C6-E01D502542B7}"
EndProject
Project("{FAE04EC0-301F-11D3-BF4B-00C04F79EFBC}") = "PM.Core.Infrastructure", "Services\core-service\PM.Core.Infrastructure\PM.Core.Infrastructure.csproj", "{086910D2-4FC9-4D43-AE16-3C9D1E9F63B7}"
EndProject
Project("{FAE04EC0-301F-11D3-BF4B-00C04F79EFBC}") = "PM.Core.Entities", "Services\core-service\PM.Core.Entities\PM.Core.Entities.csproj", "{A8BCE721-3296-4E12-9E4A-A332833C3014}"
EndProject
Project("{2150E333-8FDC-42A3-9474-1A3956D46DE8}") = "Shareds", "Shareds", "{887BF534-CAE4-38FF-828D-3C28C9E515BC}"
EndProject
Project("{FAE04EC0-301F-11D3-BF4B-00C04F79EFBC}") = "PM.Shared.Common", "Shareds\PM.Shared.Common\PM.Shared.Common.csproj", "{563108EC-3C2B-4B40-B404-F50DB5358866}"
EndProject
Project("{FAE04EC0-301F-11D3-BF4B-00C04F79EFBC}") = "PM.Shared.Dtos", "Shareds\PM.Shared.Dtos\PM.Shared.Dtos.csproj", "{CDDA40E1-8959-467F-AAA1-FF9EC97EE597}"
EndProject
Project("{FAE04EC0-301F-11D3-BF4B-00C04F79EFBC}") = "PM.Shared.Infrastructure", "Shareds\PM.Shared.Infrastructure\PM.Shared.Infrastructure.csproj", "{2C1F4CF5-3E44-4B87-84CD-5E8F45849488}"
EndProject
Project("{FAE04EC0-301F-11D3-BF4B-00C04F79EFBC}") = "PM.Shared.Jwt", "Shareds\PM.Shared.Jwt\PM.Shared.Jwt.csproj", "{245B89B3-7687-4A84-A012-96F9D3AC5C46}"
EndProject
Project("{FAE04EC0-301F-11D3-BF4B-00C04F79EFBC}") = "PM.Shared.Swagger", "Shareds\PM.Shared.Swagger\PM.Shared.Swagger.csproj", "{27467706-687B-4486-95DB-8A9A339F5365}"
EndProject
Global
	GlobalSection(SolutionConfigurationPlatforms) = preSolution
		Debug|Any CPU = Debug|Any CPU
		Debug|x64 = Debug|x64
		Debug|x86 = Debug|x86
		Release|Any CPU = Release|Any CPU
		Release|x64 = Release|x64
		Release|x86 = Release|x86
	EndGlobalSection
	GlobalSection(ProjectConfigurationPlatforms) = postSolution
		{5BD02459-8B36-958F-304E-EB2A8C40A687}.Debug|Any CPU.ActiveCfg = Debug|Any CPU
		{5BD02459-8B36-958F-304E-EB2A8C40A687}.Debug|Any CPU.Build.0 = Debug|Any CPU
		{5BD02459-8B36-958F-304E-EB2A8C40A687}.Debug|x64.ActiveCfg = Debug|Any CPU
		{5BD02459-8B36-958F-304E-EB2A8C40A687}.Debug|x64.Build.0 = Debug|Any CPU
		{5BD02459-8B36-958F-304E-EB2A8C40A687}.Debug|x86.ActiveCfg = Debug|Any CPU
		{5BD02459-8B36-958F-304E-EB2A8C40A687}.Debug|x86.Build.0 = Debug|Any CPU
		{5BD02459-8B36-958F-304E-EB2A8C40A687}.Release|Any CPU.ActiveCfg = Release|Any CPU
		{5BD02459-8B36-958F-304E-EB2A8C40A687}.Release|Any CPU.Build.0 = Release|Any CPU
		{5BD02459-8B36-958F-304E-EB2A8C40A687}.Release|x64.ActiveCfg = Release|Any CPU
		{5BD02459-8B36-958F-304E-EB2A8C40A687}.Release|x64.Build.0 = Release|Any CPU
		{5BD02459-8B36-958F-304E-EB2A8C40A687}.Release|x86.ActiveCfg = Release|Any CPU
		{5BD02459-8B36-958F-304E-EB2A8C40A687}.Release|x86.Build.0 = Release|Any CPU
		{606508BE-5DD5-FE0C-E2BD-AEA8A3FB1742}.Debug|Any CPU.ActiveCfg = Debug|Any CPU
		{606508BE-5DD5-FE0C-E2BD-AEA8A3FB1742}.Debug|Any CPU.Build.0 = Debug|Any CPU
		{606508BE-5DD5-FE0C-E2BD-AEA8A3FB1742}.Debug|x64.ActiveCfg = Debug|Any CPU
		{606508BE-5DD5-FE0C-E2BD-AEA8A3FB1742}.Debug|x64.Build.0 = Debug|Any CPU
		{606508BE-5DD5-FE0C-E2BD-AEA8A3FB1742}.Debug|x86.ActiveCfg = Debug|Any CPU
		{606508BE-5DD5-FE0C-E2BD-AEA8A3FB1742}.Debug|x86.Build.0 = Debug|Any CPU
		{606508BE-5DD5-FE0C-E2BD-AEA8A3FB1742}.Release|Any CPU.ActiveCfg = Release|Any CPU
		{606508BE-5DD5-FE0C-E2BD-AEA8A3FB1742}.Release|Any CPU.Build.0 = Release|Any CPU
		{606508BE-5DD5-FE0C-E2BD-AEA8A3FB1742}.Release|x64.ActiveCfg = Release|Any CPU
		{606508BE-5DD5-FE0C-E2BD-AEA8A3FB1742}.Release|x64.Build.0 = Release|Any CPU
		{606508BE-5DD5-FE0C-E2BD-AEA8A3FB1742}.Release|x86.ActiveCfg = Release|Any CPU
		{606508BE-5DD5-FE0C-E2BD-AEA8A3FB1742}.Release|x86.Build.0 = Release|Any CPU
		{72D40A0B-DEBE-42C1-BC29-59557727C936}.Debug|Any CPU.ActiveCfg = Debug|Any CPU
		{72D40A0B-DEBE-42C1-BC29-59557727C936}.Debug|Any CPU.Build.0 = Debug|Any CPU
		{72D40A0B-DEBE-42C1-BC29-59557727C936}.Debug|x64.ActiveCfg = Debug|Any CPU
		{72D40A0B-DEBE-42C1-BC29-59557727C936}.Debug|x64.Build.0 = Debug|Any CPU
		{72D40A0B-DEBE-42C1-BC29-59557727C936}.Debug|x86.ActiveCfg = Debug|Any CPU
		{72D40A0B-DEBE-42C1-BC29-59557727C936}.Debug|x86.Build.0 = Debug|Any CPU
		{72D40A0B-DEBE-42C1-BC29-59557727C936}.Release|Any CPU.ActiveCfg = Release|Any CPU
		{72D40A0B-DEBE-42C1-BC29-59557727C936}.Release|Any CPU.Build.0 = Release|Any CPU
		{72D40A0B-DEBE-42C1-BC29-59557727C936}.Release|x64.ActiveCfg = Release|Any CPU
		{72D40A0B-DEBE-42C1-BC29-59557727C936}.Release|x64.Build.0 = Release|Any CPU
		{72D40A0B-DEBE-42C1-BC29-59557727C936}.Release|x86.ActiveCfg = Release|Any CPU
		{72D40A0B-DEBE-42C1-BC29-59557727C936}.Release|x86.Build.0 = Release|Any CPU
		{56097B98-DB7C-4868-9623-586BC5C76F0A}.Debug|Any CPU.ActiveCfg = Debug|Any CPU
		{56097B98-DB7C-4868-9623-586BC5C76F0A}.Debug|Any CPU.Build.0 = Debug|Any CPU
		{56097B98-DB7C-4868-9623-586BC5C76F0A}.Debug|x64.ActiveCfg = Debug|Any CPU
		{56097B98-DB7C-4868-9623-586BC5C76F0A}.Debug|x64.Build.0 = Debug|Any CPU
		{56097B98-DB7C-4868-9623-586BC5C76F0A}.Debug|x86.ActiveCfg = Debug|Any CPU
		{56097B98-DB7C-4868-9623-586BC5C76F0A}.Debug|x86.Build.0 = Debug|Any CPU
		{56097B98-DB7C-4868-9623-586BC5C76F0A}.Release|Any CPU.ActiveCfg = Release|Any CPU
		{56097B98-DB7C-4868-9623-586BC5C76F0A}.Release|Any CPU.Build.0 = Release|Any CPU
		{56097B98-DB7C-4868-9623-586BC5C76F0A}.Release|x64.ActiveCfg = Release|Any CPU
		{56097B98-DB7C-4868-9623-586BC5C76F0A}.Release|x64.Build.0 = Release|Any CPU
		{56097B98-DB7C-4868-9623-586BC5C76F0A}.Release|x86.ActiveCfg = Release|Any CPU
		{56097B98-DB7C-4868-9623-586BC5C76F0A}.Release|x86.Build.0 = Release|Any CPU
		{27BE0711-B0FD-42A5-A9D6-EFD87B0445C9}.Debug|Any CPU.ActiveCfg = Debug|Any CPU
		{27BE0711-B0FD-42A5-A9D6-EFD87B0445C9}.Debug|Any CPU.Build.0 = Debug|Any CPU
		{27BE0711-B0FD-42A5-A9D6-EFD87B0445C9}.Debug|x64.ActiveCfg = Debug|Any CPU
		{27BE0711-B0FD-42A5-A9D6-EFD87B0445C9}.Debug|x64.Build.0 = Debug|Any CPU
		{27BE0711-B0FD-42A5-A9D6-EFD87B0445C9}.Debug|x86.ActiveCfg = Debug|Any CPU
		{27BE0711-B0FD-42A5-A9D6-EFD87B0445C9}.Debug|x86.Build.0 = Debug|Any CPU
		{27BE0711-B0FD-42A5-A9D6-EFD87B0445C9}.Release|Any CPU.ActiveCfg = Release|Any CPU
		{27BE0711-B0FD-42A5-A9D6-EFD87B0445C9}.Release|Any CPU.Build.0 = Release|Any CPU
		{27BE0711-B0FD-42A5-A9D6-EFD87B0445C9}.Release|x64.ActiveCfg = Release|Any CPU
		{27BE0711-B0FD-42A5-A9D6-EFD87B0445C9}.Release|x64.Build.0 = Release|Any CPU
		{27BE0711-B0FD-42A5-A9D6-EFD87B0445C9}.Release|x86.ActiveCfg = Release|Any CPU
		{27BE0711-B0FD-42A5-A9D6-EFD87B0445C9}.Release|x86.Build.0 = Release|Any CPU
		{F87AEE8F-0DE9-89CC-3534-24945F7A1364}.Debug|Any CPU.ActiveCfg = Debug|Any CPU
		{F87AEE8F-0DE9-89CC-3534-24945F7A1364}.Debug|Any CPU.Build.0 = Debug|Any CPU
		{F87AEE8F-0DE9-89CC-3534-24945F7A1364}.Debug|x64.ActiveCfg = Debug|Any CPU
		{F87AEE8F-0DE9-89CC-3534-24945F7A1364}.Debug|x64.Build.0 = Debug|Any CPU
		{F87AEE8F-0DE9-89CC-3534-24945F7A1364}.Debug|x86.ActiveCfg = Debug|Any CPU
		{F87AEE8F-0DE9-89CC-3534-24945F7A1364}.Debug|x86.Build.0 = Debug|Any CPU
		{F87AEE8F-0DE9-89CC-3534-24945F7A1364}.Release|Any CPU.ActiveCfg = Release|Any CPU
		{F87AEE8F-0DE9-89CC-3534-24945F7A1364}.Release|Any CPU.Build.0 = Release|Any CPU
		{F87AEE8F-0DE9-89CC-3534-24945F7A1364}.Release|x64.ActiveCfg = Release|Any CPU
		{F87AEE8F-0DE9-89CC-3534-24945F7A1364}.Release|x64.Build.0 = Release|Any CPU
		{F87AEE8F-0DE9-89CC-3534-24945F7A1364}.Release|x86.ActiveCfg = Release|Any CPU
		{F87AEE8F-0DE9-89CC-3534-24945F7A1364}.Release|x86.Build.0 = Release|Any CPU
		{B41A5D83-D2A4-4727-BDE1-9FDD4FC579F6}.Debug|Any CPU.ActiveCfg = Debug|Any CPU
		{B41A5D83-D2A4-4727-BDE1-9FDD4FC579F6}.Debug|Any CPU.Build.0 = Debug|Any CPU
		{B41A5D83-D2A4-4727-BDE1-9FDD4FC579F6}.Debug|x64.ActiveCfg = Debug|Any CPU
		{B41A5D83-D2A4-4727-BDE1-9FDD4FC579F6}.Debug|x64.Build.0 = Debug|Any CPU
		{B41A5D83-D2A4-4727-BDE1-9FDD4FC579F6}.Debug|x86.ActiveCfg = Debug|Any CPU
		{B41A5D83-D2A4-4727-BDE1-9FDD4FC579F6}.Debug|x86.Build.0 = Debug|Any CPU
		{B41A5D83-D2A4-4727-BDE1-9FDD4FC579F6}.Release|Any CPU.ActiveCfg = Release|Any CPU
		{B41A5D83-D2A4-4727-BDE1-9FDD4FC579F6}.Release|Any CPU.Build.0 = Release|Any CPU
		{B41A5D83-D2A4-4727-BDE1-9FDD4FC579F6}.Release|x64.ActiveCfg = Release|Any CPU
		{B41A5D83-D2A4-4727-BDE1-9FDD4FC579F6}.Release|x64.Build.0 = Release|Any CPU
		{B41A5D83-D2A4-4727-BDE1-9FDD4FC579F6}.Release|x86.ActiveCfg = Release|Any CPU
		{B41A5D83-D2A4-4727-BDE1-9FDD4FC579F6}.Release|x86.Build.0 = Release|Any CPU
		{B34FA34E-0513-4490-9339-062E9383BA33}.Debug|Any CPU.ActiveCfg = Debug|Any CPU
		{B34FA34E-0513-4490-9339-062E9383BA33}.Debug|Any CPU.Build.0 = Debug|Any CPU
		{B34FA34E-0513-4490-9339-062E9383BA33}.Debug|x64.ActiveCfg = Debug|Any CPU
		{B34FA34E-0513-4490-9339-062E9383BA33}.Debug|x64.Build.0 = Debug|Any CPU
		{B34FA34E-0513-4490-9339-062E9383BA33}.Debug|x86.ActiveCfg = Debug|Any CPU
		{B34FA34E-0513-4490-9339-062E9383BA33}.Debug|x86.Build.0 = Debug|Any CPU
		{B34FA34E-0513-4490-9339-062E9383BA33}.Release|Any CPU.ActiveCfg = Release|Any CPU
		{B34FA34E-0513-4490-9339-062E9383BA33}.Release|Any CPU.Build.0 = Release|Any CPU
		{B34FA34E-0513-4490-9339-062E9383BA33}.Release|x64.ActiveCfg = Release|Any CPU
		{B34FA34E-0513-4490-9339-062E9383BA33}.Release|x64.Build.0 = Release|Any CPU
		{B34FA34E-0513-4490-9339-062E9383BA33}.Release|x86.ActiveCfg = Release|Any CPU
		{B34FA34E-0513-4490-9339-062E9383BA33}.Release|x86.Build.0 = Release|Any CPU
		{6F17F88E-1726-4B6A-9CC6-470CE1E6EF50}.Debug|Any CPU.ActiveCfg = Debug|Any CPU
		{6F17F88E-1726-4B6A-9CC6-470CE1E6EF50}.Debug|Any CPU.Build.0 = Debug|Any CPU
		{6F17F88E-1726-4B6A-9CC6-470CE1E6EF50}.Debug|x64.ActiveCfg = Debug|Any CPU
		{6F17F88E-1726-4B6A-9CC6-470CE1E6EF50}.Debug|x64.Build.0 = Debug|Any CPU
		{6F17F88E-1726-4B6A-9CC6-470CE1E6EF50}.Debug|x86.ActiveCfg = Debug|Any CPU
		{6F17F88E-1726-4B6A-9CC6-470CE1E6EF50}.Debug|x86.Build.0 = Debug|Any CPU
		{6F17F88E-1726-4B6A-9CC6-470CE1E6EF50}.Release|Any CPU.ActiveCfg = Release|Any CPU
		{6F17F88E-1726-4B6A-9CC6-470CE1E6EF50}.Release|Any CPU.Build.0 = Release|Any CPU
		{6F17F88E-1726-4B6A-9CC6-470CE1E6EF50}.Release|x64.ActiveCfg = Release|Any CPU
		{6F17F88E-1726-4B6A-9CC6-470CE1E6EF50}.Release|x64.Build.0 = Release|Any CPU
		{6F17F88E-1726-4B6A-9CC6-470CE1E6EF50}.Release|x86.ActiveCfg = Release|Any CPU
		{6F17F88E-1726-4B6A-9CC6-470CE1E6EF50}.Release|x86.Build.0 = Release|Any CPU
		{9E7324E8-8334-4FCC-868E-CB37896EE5F1}.Debug|Any CPU.ActiveCfg = Debug|Any CPU
		{9E7324E8-8334-4FCC-868E-CB37896EE5F1}.Debug|Any CPU.Build.0 = Debug|Any CPU
		{9E7324E8-8334-4FCC-868E-CB37896EE5F1}.Debug|x64.ActiveCfg = Debug|Any CPU
		{9E7324E8-8334-4FCC-868E-CB37896EE5F1}.Debug|x64.Build.0 = Debug|Any CPU
		{9E7324E8-8334-4FCC-868E-CB37896EE5F1}.Debug|x86.ActiveCfg = Debug|Any CPU
		{9E7324E8-8334-4FCC-868E-CB37896EE5F1}.Debug|x86.Build.0 = Debug|Any CPU
		{9E7324E8-8334-4FCC-868E-CB37896EE5F1}.Release|Any CPU.ActiveCfg = Release|Any CPU
		{9E7324E8-8334-4FCC-868E-CB37896EE5F1}.Release|Any CPU.Build.0 = Release|Any CPU
		{9E7324E8-8334-4FCC-868E-CB37896EE5F1}.Release|x64.ActiveCfg = Release|Any CPU
		{9E7324E8-8334-4FCC-868E-CB37896EE5F1}.Release|x64.Build.0 = Release|Any CPU
		{9E7324E8-8334-4FCC-868E-CB37896EE5F1}.Release|x86.ActiveCfg = Release|Any CPU
		{9E7324E8-8334-4FCC-868E-CB37896EE5F1}.Release|x86.Build.0 = Release|Any CPU
		{D6619016-E6B8-AB66-3043-C929C8F67E42}.Debug|Any CPU.ActiveCfg = Debug|Any CPU
		{D6619016-E6B8-AB66-3043-C929C8F67E42}.Debug|Any CPU.Build.0 = Debug|Any CPU
		{D6619016-E6B8-AB66-3043-C929C8F67E42}.Debug|x64.ActiveCfg = Debug|Any CPU
		{D6619016-E6B8-AB66-3043-C929C8F67E42}.Debug|x64.Build.0 = Debug|Any CPU
		{D6619016-E6B8-AB66-3043-C929C8F67E42}.Debug|x86.ActiveCfg = Debug|Any CPU
		{D6619016-E6B8-AB66-3043-C929C8F67E42}.Debug|x86.Build.0 = Debug|Any CPU
		{D6619016-E6B8-AB66-3043-C929C8F67E42}.Release|Any CPU.ActiveCfg = Release|Any CPU
		{D6619016-E6B8-AB66-3043-C929C8F67E42}.Release|Any CPU.Build.0 = Release|Any CPU
		{D6619016-E6B8-AB66-3043-C929C8F67E42}.Release|x64.ActiveCfg = Release|Any CPU
		{D6619016-E6B8-AB66-3043-C929C8F67E42}.Release|x64.Build.0 = Release|Any CPU
		{D6619016-E6B8-AB66-3043-C929C8F67E42}.Release|x86.ActiveCfg = Release|Any CPU
		{D6619016-E6B8-AB66-3043-C929C8F67E42}.Release|x86.Build.0 = Release|Any CPU
		{9500E8D9-3FCB-B634-C891-85125DFB714A}.Debug|Any CPU.ActiveCfg = Debug|Any CPU
		{9500E8D9-3FCB-B634-C891-85125DFB714A}.Debug|Any CPU.Build.0 = Debug|Any CPU
		{9500E8D9-3FCB-B634-C891-85125DFB714A}.Debug|x64.ActiveCfg = Debug|Any CPU
		{9500E8D9-3FCB-B634-C891-85125DFB714A}.Debug|x64.Build.0 = Debug|Any CPU
		{9500E8D9-3FCB-B634-C891-85125DFB714A}.Debug|x86.ActiveCfg = Debug|Any CPU
		{9500E8D9-3FCB-B634-C891-85125DFB714A}.Debug|x86.Build.0 = Debug|Any CPU
		{9500E8D9-3FCB-B634-C891-85125DFB714A}.Release|Any CPU.ActiveCfg = Release|Any CPU
		{9500E8D9-3FCB-B634-C891-85125DFB714A}.Release|Any CPU.Build.0 = Release|Any CPU
		{9500E8D9-3FCB-B634-C891-85125DFB714A}.Release|x64.ActiveCfg = Release|Any CPU
		{9500E8D9-3FCB-B634-C891-85125DFB714A}.Release|x64.Build.0 = Release|Any CPU
		{9500E8D9-3FCB-B634-C891-85125DFB714A}.Release|x86.ActiveCfg = Release|Any CPU
		{9500E8D9-3FCB-B634-C891-85125DFB714A}.Release|x86.Build.0 = Release|Any CPU
		{16BE5565-2412-4D85-B9C6-E01D502542B7}.Debug|Any CPU.ActiveCfg = Debug|Any CPU
		{16BE5565-2412-4D85-B9C6-E01D502542B7}.Debug|Any CPU.Build.0 = Debug|Any CPU
		{16BE5565-2412-4D85-B9C6-E01D502542B7}.Debug|x64.ActiveCfg = Debug|Any CPU
		{16BE5565-2412-4D85-B9C6-E01D502542B7}.Debug|x64.Build.0 = Debug|Any CPU
		{16BE5565-2412-4D85-B9C6-E01D502542B7}.Debug|x86.ActiveCfg = Debug|Any CPU
		{16BE5565-2412-4D85-B9C6-E01D502542B7}.Debug|x86.Build.0 = Debug|Any CPU
		{16BE5565-2412-4D85-B9C6-E01D502542B7}.Release|Any CPU.ActiveCfg = Release|Any CPU
		{16BE5565-2412-4D85-B9C6-E01D502542B7}.Release|Any CPU.Build.0 = Release|Any CPU
		{16BE5565-2412-4D85-B9C6-E01D502542B7}.Release|x64.ActiveCfg = Release|Any CPU
		{16BE5565-2412-4D85-B9C6-E01D502542B7}.Release|x64.Build.0 = Release|Any CPU
		{16BE5565-2412-4D85-B9C6-E01D502542B7}.Release|x86.ActiveCfg = Release|Any CPU
		{16BE5565-2412-4D85-B9C6-E01D502542B7}.Release|x86.Build.0 = Release|Any CPU
		{086910D2-4FC9-4D43-AE16-3C9D1E9F63B7}.Debug|Any CPU.ActiveCfg = Debug|Any CPU
		{086910D2-4FC9-4D43-AE16-3C9D1E9F63B7}.Debug|Any CPU.Build.0 = Debug|Any CPU
		{086910D2-4FC9-4D43-AE16-3C9D1E9F63B7}.Debug|x64.ActiveCfg = Debug|Any CPU
		{086910D2-4FC9-4D43-AE16-3C9D1E9F63B7}.Debug|x64.Build.0 = Debug|Any CPU
		{086910D2-4FC9-4D43-AE16-3C9D1E9F63B7}.Debug|x86.ActiveCfg = Debug|Any CPU
		{086910D2-4FC9-4D43-AE16-3C9D1E9F63B7}.Debug|x86.Build.0 = Debug|Any CPU
		{086910D2-4FC9-4D43-AE16-3C9D1E9F63B7}.Release|Any CPU.ActiveCfg = Release|Any CPU
		{086910D2-4FC9-4D43-AE16-3C9D1E9F63B7}.Release|Any CPU.Build.0 = Release|Any CPU
		{086910D2-4FC9-4D43-AE16-3C9D1E9F63B7}.Release|x64.ActiveCfg = Release|Any CPU
		{086910D2-4FC9-4D43-AE16-3C9D1E9F63B7}.Release|x64.Build.0 = Release|Any CPU
		{086910D2-4FC9-4D43-AE16-3C9D1E9F63B7}.Release|x86.ActiveCfg = Release|Any CPU
		{086910D2-4FC9-4D43-AE16-3C9D1E9F63B7}.Release|x86.Build.0 = Release|Any CPU
		{A8BCE721-3296-4E12-9E4A-A332833C3014}.Debug|Any CPU.ActiveCfg = Debug|Any CPU
		{A8BCE721-3296-4E12-9E4A-A332833C3014}.Debug|Any CPU.Build.0 = Debug|Any CPU
		{A8BCE721-3296-4E12-9E4A-A332833C3014}.Debug|x64.ActiveCfg = Debug|Any CPU
		{A8BCE721-3296-4E12-9E4A-A332833C3014}.Debug|x64.Build.0 = Debug|Any CPU
		{A8BCE721-3296-4E12-9E4A-A332833C3014}.Debug|x86.ActiveCfg = Debug|Any CPU
		{A8BCE721-3296-4E12-9E4A-A332833C3014}.Debug|x86.Build.0 = Debug|Any CPU
		{A8BCE721-3296-4E12-9E4A-A332833C3014}.Release|Any CPU.ActiveCfg = Release|Any CPU
		{A8BCE721-3296-4E12-9E4A-A332833C3014}.Release|Any CPU.Build.0 = Release|Any CPU
		{A8BCE721-3296-4E12-9E4A-A332833C3014}.Release|x64.ActiveCfg = Release|Any CPU
		{A8BCE721-3296-4E12-9E4A-A332833C3014}.Release|x64.Build.0 = Release|Any CPU
		{A8BCE721-3296-4E12-9E4A-A332833C3014}.Release|x86.ActiveCfg = Release|Any CPU
		{A8BCE721-3296-4E12-9E4A-A332833C3014}.Release|x86.Build.0 = Release|Any CPU
		{563108EC-3C2B-4B40-B404-F50DB5358866}.Debug|Any CPU.ActiveCfg = Debug|Any CPU
		{563108EC-3C2B-4B40-B404-F50DB5358866}.Debug|Any CPU.Build.0 = Debug|Any CPU
		{563108EC-3C2B-4B40-B404-F50DB5358866}.Debug|x64.ActiveCfg = Debug|Any CPU
		{563108EC-3C2B-4B40-B404-F50DB5358866}.Debug|x64.Build.0 = Debug|Any CPU
		{563108EC-3C2B-4B40-B404-F50DB5358866}.Debug|x86.ActiveCfg = Debug|Any CPU
		{563108EC-3C2B-4B40-B404-F50DB5358866}.Debug|x86.Build.0 = Debug|Any CPU
		{563108EC-3C2B-4B40-B404-F50DB5358866}.Release|Any CPU.ActiveCfg = Release|Any CPU
		{563108EC-3C2B-4B40-B404-F50DB5358866}.Release|Any CPU.Build.0 = Release|Any CPU
		{563108EC-3C2B-4B40-B404-F50DB5358866}.Release|x64.ActiveCfg = Release|Any CPU
		{563108EC-3C2B-4B40-B404-F50DB5358866}.Release|x64.Build.0 = Release|Any CPU
		{563108EC-3C2B-4B40-B404-F50DB5358866}.Release|x86.ActiveCfg = Release|Any CPU
		{563108EC-3C2B-4B40-B404-F50DB5358866}.Release|x86.Build.0 = Release|Any CPU
		{CDDA40E1-8959-467F-AAA1-FF9EC97EE597}.Debug|Any CPU.ActiveCfg = Debug|Any CPU
		{CDDA40E1-8959-467F-AAA1-FF9EC97EE597}.Debug|Any CPU.Build.0 = Debug|Any CPU
		{CDDA40E1-8959-467F-AAA1-FF9EC97EE597}.Debug|x64.ActiveCfg = Debug|Any CPU
		{CDDA40E1-8959-467F-AAA1-FF9EC97EE597}.Debug|x64.Build.0 = Debug|Any CPU
		{CDDA40E1-8959-467F-AAA1-FF9EC97EE597}.Debug|x86.ActiveCfg = Debug|Any CPU
		{CDDA40E1-8959-467F-AAA1-FF9EC97EE597}.Debug|x86.Build.0 = Debug|Any CPU
		{CDDA40E1-8959-467F-AAA1-FF9EC97EE597}.Release|Any CPU.ActiveCfg = Release|Any CPU
		{CDDA40E1-8959-467F-AAA1-FF9EC97EE597}.Release|Any CPU.Build.0 = Release|Any CPU
		{CDDA40E1-8959-467F-AAA1-FF9EC97EE597}.Release|x64.ActiveCfg = Release|Any CPU
		{CDDA40E1-8959-467F-AAA1-FF9EC97EE597}.Release|x64.Build.0 = Release|Any CPU
		{CDDA40E1-8959-467F-AAA1-FF9EC97EE597}.Release|x86.ActiveCfg = Release|Any CPU
		{CDDA40E1-8959-467F-AAA1-FF9EC97EE597}.Release|x86.Build.0 = Release|Any CPU
		{2C1F4CF5-3E44-4B87-84CD-5E8F45849488}.Debug|Any CPU.ActiveCfg = Debug|Any CPU
		{2C1F4CF5-3E44-4B87-84CD-5E8F45849488}.Debug|Any CPU.Build.0 = Debug|Any CPU
		{2C1F4CF5-3E44-4B87-84CD-5E8F45849488}.Debug|x64.ActiveCfg = Debug|Any CPU
		{2C1F4CF5-3E44-4B87-84CD-5E8F45849488}.Debug|x64.Build.0 = Debug|Any CPU
		{2C1F4CF5-3E44-4B87-84CD-5E8F45849488}.Debug|x86.ActiveCfg = Debug|Any CPU
		{2C1F4CF5-3E44-4B87-84CD-5E8F45849488}.Debug|x86.Build.0 = Debug|Any CPU
		{2C1F4CF5-3E44-4B87-84CD-5E8F45849488}.Release|Any CPU.ActiveCfg = Release|Any CPU
		{2C1F4CF5-3E44-4B87-84CD-5E8F45849488}.Release|Any CPU.Build.0 = Release|Any CPU
		{2C1F4CF5-3E44-4B87-84CD-5E8F45849488}.Release|x64.ActiveCfg = Release|Any CPU
		{2C1F4CF5-3E44-4B87-84CD-5E8F45849488}.Release|x64.Build.0 = Release|Any CPU
		{2C1F4CF5-3E44-4B87-84CD-5E8F45849488}.Release|x86.ActiveCfg = Release|Any CPU
		{2C1F4CF5-3E44-4B87-84CD-5E8F45849488}.Release|x86.Build.0 = Release|Any CPU
		{245B89B3-7687-4A84-A012-96F9D3AC5C46}.Debug|Any CPU.ActiveCfg = Debug|Any CPU
		{245B89B3-7687-4A84-A012-96F9D3AC5C46}.Debug|Any CPU.Build.0 = Debug|Any CPU
		{245B89B3-7687-4A84-A012-96F9D3AC5C46}.Debug|x64.ActiveCfg = Debug|Any CPU
		{245B89B3-7687-4A84-A012-96F9D3AC5C46}.Debug|x64.Build.0 = Debug|Any CPU
		{245B89B3-7687-4A84-A012-96F9D3AC5C46}.Debug|x86.ActiveCfg = Debug|Any CPU
		{245B89B3-7687-4A84-A012-96F9D3AC5C46}.Debug|x86.Build.0 = Debug|Any CPU
		{245B89B3-7687-4A84-A012-96F9D3AC5C46}.Release|Any CPU.ActiveCfg = Release|Any CPU
		{245B89B3-7687-4A84-A012-96F9D3AC5C46}.Release|Any CPU.Build.0 = Release|Any CPU
		{245B89B3-7687-4A84-A012-96F9D3AC5C46}.Release|x64.ActiveCfg = Release|Any CPU
		{245B89B3-7687-4A84-A012-96F9D3AC5C46}.Release|x64.Build.0 = Release|Any CPU
		{245B89B3-7687-4A84-A012-96F9D3AC5C46}.Release|x86.ActiveCfg = Release|Any CPU
		{245B89B3-7687-4A84-A012-96F9D3AC5C46}.Release|x86.Build.0 = Release|Any CPU
		{27467706-687B-4486-95DB-8A9A339F5365}.Debug|Any CPU.ActiveCfg = Debug|Any CPU
		{27467706-687B-4486-95DB-8A9A339F5365}.Debug|Any CPU.Build.0 = Debug|Any CPU
		{27467706-687B-4486-95DB-8A9A339F5365}.Debug|x64.ActiveCfg = Debug|Any CPU
		{27467706-687B-4486-95DB-8A9A339F5365}.Debug|x64.Build.0 = Debug|Any CPU
		{27467706-687B-4486-95DB-8A9A339F5365}.Debug|x86.ActiveCfg = Debug|Any CPU
		{27467706-687B-4486-95DB-8A9A339F5365}.Debug|x86.Build.0 = Debug|Any CPU
		{27467706-687B-4486-95DB-8A9A339F5365}.Release|Any CPU.ActiveCfg = Release|Any CPU
		{27467706-687B-4486-95DB-8A9A339F5365}.Release|Any CPU.Build.0 = Release|Any CPU
		{27467706-687B-4486-95DB-8A9A339F5365}.Release|x64.ActiveCfg = Release|Any CPU
		{27467706-687B-4486-95DB-8A9A339F5365}.Release|x64.Build.0 = Release|Any CPU
		{27467706-687B-4486-95DB-8A9A339F5365}.Release|x86.ActiveCfg = Release|Any CPU
		{27467706-687B-4486-95DB-8A9A339F5365}.Release|x86.Build.0 = Release|Any CPU
	EndGlobalSection
	GlobalSection(SolutionProperties) = preSolution
		HideSolutionNode = FALSE
	EndGlobalSection
	GlobalSection(NestedProjects) = preSolution
		{54830A64-37C1-47FA-82A4-3BF8FA9BE4FF} = {66E4A620-506D-47BC-A1B8-2CFD45B4A275}
		{8840082C-E0FE-433D-B7EE-594E5778313E} = {66E4A620-506D-47BC-A1B8-2CFD45B4A275}
		{5BD02459-8B36-958F-304E-EB2A8C40A687} = {54830A64-37C1-47FA-82A4-3BF8FA9BE4FF}
		{606508BE-5DD5-FE0C-E2BD-AEA8A3FB1742} = {92D2C86C-FE1E-44D6-81B7-F7BC3BD15C9B}
		{72D40A0B-DEBE-42C1-BC29-59557727C936} = {54830A64-37C1-47FA-82A4-3BF8FA9BE4FF}
		{56097B98-DB7C-4868-9623-586BC5C76F0A} = {54830A64-37C1-47FA-82A4-3BF8FA9BE4FF}
		{27BE0711-B0FD-42A5-A9D6-EFD87B0445C9} = {54830A64-37C1-47FA-82A4-3BF8FA9BE4FF}
		{F87AEE8F-0DE9-89CC-3534-24945F7A1364} = {598F8D28-4050-41D2-853F-D7AF006C4205}
		{B41A5D83-D2A4-4727-BDE1-9FDD4FC579F6} = {4CEA3507-17B4-4C7F-904F-CE2355AB0538}
		{B34FA34E-0513-4490-9339-062E9383BA33} = {8840082C-E0FE-433D-B7EE-594E5778313E}
		{6F17F88E-1726-4B6A-9CC6-470CE1E6EF50} = {8840082C-E0FE-433D-B7EE-594E5778313E}
		{9E7324E8-8334-4FCC-868E-CB37896EE5F1} = {8840082C-E0FE-433D-B7EE-594E5778313E}
		{D6619016-E6B8-AB66-3043-C929C8F67E42} = {8840082C-E0FE-433D-B7EE-594E5778313E}
		{6C88CE13-F299-478A-ADED-5E60522C9D3A} = {66E4A620-506D-47BC-A1B8-2CFD45B4A275}
		{9500E8D9-3FCB-B634-C891-85125DFB714A} = {6C88CE13-F299-478A-ADED-5E60522C9D3A}
		{16BE5565-2412-4D85-B9C6-E01D502542B7} = {6C88CE13-F299-478A-ADED-5E60522C9D3A}
		{086910D2-4FC9-4D43-AE16-3C9D1E9F63B7} = {6C88CE13-F299-478A-ADED-5E60522C9D3A}
		{A8BCE721-3296-4E12-9E4A-A332833C3014} = {6C88CE13-F299-478A-ADED-5E60522C9D3A}
		{563108EC-3C2B-4B40-B404-F50DB5358866} = {887BF534-CAE4-38FF-828D-3C28C9E515BC}
		{CDDA40E1-8959-467F-AAA1-FF9EC97EE597} = {887BF534-CAE4-38FF-828D-3C28C9E515BC}
		{2C1F4CF5-3E44-4B87-84CD-5E8F45849488} = {887BF534-CAE4-38FF-828D-3C28C9E515BC}
		{245B89B3-7687-4A84-A012-96F9D3AC5C46} = {887BF534-CAE4-38FF-828D-3C28C9E515BC}
		{27467706-687B-4486-95DB-8A9A339F5365} = {887BF534-CAE4-38FF-828D-3C28C9E515BC}
	EndGlobalSection
	GlobalSection(ExtensibilityGlobals) = postSolution
		SolutionGuid = {C895F6A9-DBC0-4EDF-A441-7CB6B92CB0BD}
	EndGlobalSection
EndGlobal
